// !$*UTF8*$!
{
	archiveVersion = 1;
	classes = {
	};
	objectVersion = 50;
	objects = {

/* Begin PBXBuildFile section */
		DB0D19D322F84C3E00EC00D8 /* AppDelegate.swift in Sources */ = {isa = PBXBuildFile; fileRef = DB0D19D222F84C3E00EC00D8 /* AppDelegate.swift */; };
		DB0D19D522F84C3E00EC00D8 /* ViewController.swift in Sources */ = {isa = PBXBuildFile; fileRef = DB0D19D422F84C3E00EC00D8 /* ViewController.swift */; };
		DB0D19D822F84C3E00EC00D8 /* Main.storyboard in Resources */ = {isa = PBXBuildFile; fileRef = DB0D19D622F84C3E00EC00D8 /* Main.storyboard */; };
		DB0D19DB22F84C3E00EC00D8 /* Spot.xcdatamodeld in Sources */ = {isa = PBXBuildFile; fileRef = DB0D19D922F84C3E00EC00D8 /* Spot.xcdatamodeld */; };
		DB0D19DD22F84C3F00EC00D8 /* Assets.xcassets in Resources */ = {isa = PBXBuildFile; fileRef = DB0D19DC22F84C3F00EC00D8 /* Assets.xcassets */; };
		DB0D19E022F84C3F00EC00D8 /* LaunchScreen.storyboard in Resources */ = {isa = PBXBuildFile; fileRef = DB0D19DE22F84C3F00EC00D8 /* LaunchScreen.storyboard */; };
		DB0D19EB22F84C3F00EC00D8 /* SpotTests.swift in Sources */ = {isa = PBXBuildFile; fileRef = DB0D19EA22F84C3F00EC00D8 /* SpotTests.swift */; };
		DB0D19F622F84C3F00EC00D8 /* SpotUITests.swift in Sources */ = {isa = PBXBuildFile; fileRef = DB0D19F522F84C3F00EC00D8 /* SpotUITests.swift */; };
		DB0D1A0622F8569700EC00D8 /* CollectionViewCell.swift in Sources */ = {isa = PBXBuildFile; fileRef = DB0D1A0522F8569700EC00D8 /* CollectionViewCell.swift */; };
		DB30049E230409DA00A167B5 /* icon.jpg in Resources */ = {isa = PBXBuildFile; fileRef = DB30049D230409DA00A167B5 /* icon.jpg */; };
		DBAE403422F992E7006F604A /* TracksTableViewController.swift in Sources */ = {isa = PBXBuildFile; fileRef = DBAE403322F992E7006F604A /* TracksTableViewController.swift */; };
		DBAE403622F9E9FE006F604A /* TracksTableViewCell.swift in Sources */ = {isa = PBXBuildFile; fileRef = DBAE403522F9E9FE006F604A /* TracksTableViewCell.swift */; };
		DBAE403822FB7757006F604A /* AudioViewController.swift in Sources */ = {isa = PBXBuildFile; fileRef = DBAE403722FB7757006F604A /* AudioViewController.swift */; };
/* End PBXBuildFile section */

/* Begin PBXContainerItemProxy section */
		DB0D19E722F84C3F00EC00D8 /* PBXContainerItemProxy */ = {
			isa = PBXContainerItemProxy;
			containerPortal = DB0D19C722F84C3E00EC00D8 /* Project object */;
			proxyType = 1;
			remoteGlobalIDString = DB0D19CE22F84C3E00EC00D8;
			remoteInfo = Spot;
		};
		DB0D19F222F84C3F00EC00D8 /* PBXContainerItemProxy */ = {
			isa = PBXContainerItemProxy;
			containerPortal = DB0D19C722F84C3E00EC00D8 /* Project object */;
			proxyType = 1;
			remoteGlobalIDString = DB0D19CE22F84C3E00EC00D8;
			remoteInfo = Spot;
		};
/* End PBXContainerItemProxy section */

/* Begin PBXFileReference section */
		DB0D19CF22F84C3E00EC00D8 /* Spot.app */ = {isa = PBXFileReference; explicitFileType = wrapper.application; includeInIndex = 0; path = Spot.app; sourceTree = BUILT_PRODUCTS_DIR; };
		DB0D19D222F84C3E00EC00D8 /* AppDelegate.swift */ = {isa = PBXFileReference; lastKnownFileType = sourcecode.swift; path = AppDelegate.swift; sourceTree = "<group>"; };
		DB0D19D422F84C3E00EC00D8 /* ViewController.swift */ = {isa = PBXFileReference; lastKnownFileType = sourcecode.swift; path = ViewController.swift; sourceTree = "<group>"; };
		DB0D19D722F84C3E00EC00D8 /* Base */ = {isa = PBXFileReference; lastKnownFileType = file.storyboard; name = Base; path = Base.lproj/Main.storyboard; sourceTree = "<group>"; };
		DB0D19DA22F84C3E00EC00D8 /* Spot.xcdatamodel */ = {isa = PBXFileReference; lastKnownFileType = wrapper.xcdatamodel; path = Spot.xcdatamodel; sourceTree = "<group>"; };
		DB0D19DC22F84C3F00EC00D8 /* Assets.xcassets */ = {isa = PBXFileReference; lastKnownFileType = folder.assetcatalog; path = Assets.xcassets; sourceTree = "<group>"; };
		DB0D19DF22F84C3F00EC00D8 /* Base */ = {isa = PBXFileReference; lastKnownFileType = file.storyboard; name = Base; path = Base.lproj/LaunchScreen.storyboard; sourceTree = "<group>"; };
		DB0D19E122F84C3F00EC00D8 /* Info.plist */ = {isa = PBXFileReference; lastKnownFileType = text.plist.xml; path = Info.plist; sourceTree = "<group>"; };
		DB0D19E622F84C3F00EC00D8 /* SpotTests.xctest */ = {isa = PBXFileReference; explicitFileType = wrapper.cfbundle; includeInIndex = 0; path = SpotTests.xctest; sourceTree = BUILT_PRODUCTS_DIR; };
		DB0D19EA22F84C3F00EC00D8 /* SpotTests.swift */ = {isa = PBXFileReference; lastKnownFileType = sourcecode.swift; path = SpotTests.swift; sourceTree = "<group>"; };
		DB0D19EC22F84C3F00EC00D8 /* Info.plist */ = {isa = PBXFileReference; lastKnownFileType = text.plist.xml; path = Info.plist; sourceTree = "<group>"; };
		DB0D19F122F84C3F00EC00D8 /* SpotUITests.xctest */ = {isa = PBXFileReference; explicitFileType = wrapper.cfbundle; includeInIndex = 0; path = SpotUITests.xctest; sourceTree = BUILT_PRODUCTS_DIR; };
		DB0D19F522F84C3F00EC00D8 /* SpotUITests.swift */ = {isa = PBXFileReference; lastKnownFileType = sourcecode.swift; path = SpotUITests.swift; sourceTree = "<group>"; };
		DB0D19F722F84C4000EC00D8 /* Info.plist */ = {isa = PBXFileReference; lastKnownFileType = text.plist.xml; path = Info.plist; sourceTree = "<group>"; };
		DB0D1A0522F8569700EC00D8 /* CollectionViewCell.swift */ = {isa = PBXFileReference; lastKnownFileType = sourcecode.swift; path = CollectionViewCell.swift; sourceTree = "<group>"; };
		DB30049D230409DA00A167B5 /* icon.jpg */ = {isa = PBXFileReference; lastKnownFileType = image.jpeg; path = icon.jpg; sourceTree = "<group>"; };
		DBAE403322F992E7006F604A /* TracksTableViewController.swift */ = {isa = PBXFileReference; lastKnownFileType = sourcecode.swift; path = TracksTableViewController.swift; sourceTree = "<group>"; };
		DBAE403522F9E9FE006F604A /* TracksTableViewCell.swift */ = {isa = PBXFileReference; lastKnownFileType = sourcecode.swift; path = TracksTableViewCell.swift; sourceTree = "<group>"; };
		DBAE403722FB7757006F604A /* AudioViewController.swift */ = {isa = PBXFileReference; lastKnownFileType = sourcecode.swift; path = AudioViewController.swift; sourceTree = "<group>"; };
/* End PBXFileReference section */

/* Begin PBXFrameworksBuildPhase section */
		DB0D19CC22F84C3E00EC00D8 /* Frameworks */ = {
			isa = PBXFrameworksBuildPhase;
			buildActionMask = 2147483647;
			files = (
			);
			runOnlyForDeploymentPostprocessing = 0;
		};
		DB0D19E322F84C3F00EC00D8 /* Frameworks */ = {
			isa = PBXFrameworksBuildPhase;
			buildActionMask = 2147483647;
			files = (
			);
			runOnlyForDeploymentPostprocessing = 0;
		};
		DB0D19EE22F84C3F00EC00D8 /* Frameworks */ = {
			isa = PBXFrameworksBuildPhase;
			buildActionMask = 2147483647;
			files = (
			);
			runOnlyForDeploymentPostprocessing = 0;
		};
/* End PBXFrameworksBuildPhase section */

/* Begin PBXGroup section */
		DB0D19C622F84C3E00EC00D8 = {
			isa = PBXGroup;
			children = (
				DB0D19D122F84C3E00EC00D8 /* Spot */,
				DB0D19E922F84C3F00EC00D8 /* SpotTests */,
				DB0D19F422F84C3F00EC00D8 /* SpotUITests */,
				DB0D19D022F84C3E00EC00D8 /* Products */,
			);
			sourceTree = "<group>";
		};
		DB0D19D022F84C3E00EC00D8 /* Products */ = {
			isa = PBXGroup;
			children = (
				DB0D19CF22F84C3E00EC00D8 /* Spot.app */,
				DB0D19E622F84C3F00EC00D8 /* SpotTests.xctest */,
				DB0D19F122F84C3F00EC00D8 /* SpotUITests.xctest */,
			);
			name = Products;
			sourceTree = "<group>";
		};
		DB0D19D122F84C3E00EC00D8 /* Spot */ = {
			isa = PBXGroup;
			children = (
				DBAE403722FB7757006F604A /* AudioViewController.swift */,
				DB0D1A0522F8569700EC00D8 /* CollectionViewCell.swift */,
				DBAE403522F9E9FE006F604A /* TracksTableViewCell.swift */,
				DB0D19D222F84C3E00EC00D8 /* AppDelegate.swift */,
				DB0D19D422F84C3E00EC00D8 /* ViewController.swift */,
				DB0D19D622F84C3E00EC00D8 /* Main.storyboard */,
				DB0D19DC22F84C3F00EC00D8 /* Assets.xcassets */,
				DB0D19DE22F84C3F00EC00D8 /* LaunchScreen.storyboard */,
				DB0D19E122F84C3F00EC00D8 /* Info.plist */,
				DB30049D230409DA00A167B5 /* icon.jpg */,
				DB0D19D922F84C3E00EC00D8 /* Spot.xcdatamodeld */,
				DBAE403322F992E7006F604A /* TracksTableViewController.swift */,
			);
			path = Spot;
			sourceTree = "<group>";
		};
		DB0D19E922F84C3F00EC00D8 /* SpotTests */ = {
			isa = PBXGroup;
			children = (
				DB0D19EA22F84C3F00EC00D8 /* SpotTests.swift */,
				DB0D19EC22F84C3F00EC00D8 /* Info.plist */,
			);
			path = SpotTests;
			sourceTree = "<group>";
		};
		DB0D19F422F84C3F00EC00D8 /* SpotUITests */ = {
			isa = PBXGroup;
			children = (
				DB0D19F522F84C3F00EC00D8 /* SpotUITests.swift */,
				DB0D19F722F84C4000EC00D8 /* Info.plist */,
			);
			path = SpotUITests;
			sourceTree = "<group>";
		};
/* End PBXGroup section */

/* Begin PBXNativeTarget section */
		DB0D19CE22F84C3E00EC00D8 /* Spot */ = {
			isa = PBXNativeTarget;
			buildConfigurationList = DB0D19FA22F84C4000EC00D8 /* Build configuration list for PBXNativeTarget "Spot" */;
			buildPhases = (
				DB0D19CB22F84C3E00EC00D8 /* Sources */,
				DB0D19CC22F84C3E00EC00D8 /* Frameworks */,
				DB0D19CD22F84C3E00EC00D8 /* Resources */,
			);
			buildRules = (
			);
			dependencies = (
			);
			name = Spot;
			productName = Spot;
			productReference = DB0D19CF22F84C3E00EC00D8 /* Spot.app */;
			productType = "com.apple.product-type.application";
		};
		DB0D19E522F84C3F00EC00D8 /* SpotTests */ = {
			isa = PBXNativeTarget;
			buildConfigurationList = DB0D19FD22F84C4000EC00D8 /* Build configuration list for PBXNativeTarget "SpotTests" */;
			buildPhases = (
				DB0D19E222F84C3F00EC00D8 /* Sources */,
				DB0D19E322F84C3F00EC00D8 /* Frameworks */,
				DB0D19E422F84C3F00EC00D8 /* Resources */,
			);
			buildRules = (
			);
			dependencies = (
				DB0D19E822F84C3F00EC00D8 /* PBXTargetDependency */,
			);
			name = SpotTests;
			productName = SpotTests;
			productReference = DB0D19E622F84C3F00EC00D8 /* SpotTests.xctest */;
			productType = "com.apple.product-type.bundle.unit-test";
		};
		DB0D19F022F84C3F00EC00D8 /* SpotUITests */ = {
			isa = PBXNativeTarget;
			buildConfigurationList = DB0D1A0022F84C4000EC00D8 /* Build configuration list for PBXNativeTarget "SpotUITests" */;
			buildPhases = (
				DB0D19ED22F84C3F00EC00D8 /* Sources */,
				DB0D19EE22F84C3F00EC00D8 /* Frameworks */,
				DB0D19EF22F84C3F00EC00D8 /* Resources */,
			);
			buildRules = (
			);
			dependencies = (
				DB0D19F322F84C3F00EC00D8 /* PBXTargetDependency */,
			);
			name = SpotUITests;
			productName = SpotUITests;
			productReference = DB0D19F122F84C3F00EC00D8 /* SpotUITests.xctest */;
			productType = "com.apple.product-type.bundle.ui-testing";
		};
/* End PBXNativeTarget section */

/* Begin PBXProject section */
		DB0D19C722F84C3E00EC00D8 /* Project object */ = {
			isa = PBXProject;
			attributes = {
				LastSwiftUpdateCheck = 1010;
				LastUpgradeCheck = 1010;
				ORGANIZATIONNAME = "Kevin Youssef";
				TargetAttributes = {
					DB0D19CE22F84C3E00EC00D8 = {
						CreatedOnToolsVersion = 10.1;
					};
					DB0D19E522F84C3F00EC00D8 = {
						CreatedOnToolsVersion = 10.1;
						TestTargetID = DB0D19CE22F84C3E00EC00D8;
					};
					DB0D19F022F84C3F00EC00D8 = {
						CreatedOnToolsVersion = 10.1;
						TestTargetID = DB0D19CE22F84C3E00EC00D8;
					};
				};
			};
			buildConfigurationList = DB0D19CA22F84C3E00EC00D8 /* Build configuration list for PBXProject "Spot" */;
			compatibilityVersion = "Xcode 9.3";
			developmentRegion = en;
			hasScannedForEncodings = 0;
			knownRegions = (
				en,
				Base,
			);
			mainGroup = DB0D19C622F84C3E00EC00D8;
			productRefGroup = DB0D19D022F84C3E00EC00D8 /* Products */;
			projectDirPath = "";
			projectRoot = "";
			targets = (
				DB0D19CE22F84C3E00EC00D8 /* Spot */,
				DB0D19E522F84C3F00EC00D8 /* SpotTests */,
				DB0D19F022F84C3F00EC00D8 /* SpotUITests */,
			);
		};
/* End PBXProject section */

/* Begin PBXResourcesBuildPhase section */
		DB0D19CD22F84C3E00EC00D8 /* Resources */ = {
			isa = PBXResourcesBuildPhase;
			buildActionMask = 2147483647;
			files = (
				DB30049E230409DA00A167B5 /* icon.jpg in Resources */,
				DB0D19E022F84C3F00EC00D8 /* LaunchScreen.storyboard in Resources */,
				DB0D19DD22F84C3F00EC00D8 /* Assets.xcassets in Resources */,
				DB0D19D822F84C3E00EC00D8 /* Main.storyboard in Resources */,
			);
			runOnlyForDeploymentPostprocessing = 0;
		};
		DB0D19E422F84C3F00EC00D8 /* Resources */ = {
			isa = PBXResourcesBuildPhase;
			buildActionMask = 2147483647;
			files = (
			);
			runOnlyForDeploymentPostprocessing = 0;
		};
		DB0D19EF22F84C3F00EC00D8 /* Resources */ = {
			isa = PBXResourcesBuildPhase;
			buildActionMask = 2147483647;
			files = (
			);
			runOnlyForDeploymentPostprocessing = 0;
		};
/* End PBXResourcesBuildPhase section */

/* Begin PBXSourcesBuildPhase section */
		DB0D19CB22F84C3E00EC00D8 /* Sources */ = {
			isa = PBXSourcesBuildPhase;
			buildActionMask = 2147483647;
			files = (
				DB0D19DB22F84C3E00EC00D8 /* Spot.xcdatamodeld in Sources */,
				DB0D19D522F84C3E00EC00D8 /* ViewController.swift in Sources */,
				DB0D1A0622F8569700EC00D8 /* CollectionViewCell.swift in Sources */,
				DBAE403422F992E7006F604A /* TracksTableViewController.swift in Sources */,
				DB0D19D322F84C3E00EC00D8 /* AppDelegate.swift in Sources */,
				DBAE403822FB7757006F604A /* AudioViewController.swift in Sources */,
				DBAE403622F9E9FE006F604A /* TracksTableViewCell.swift in Sources */,
			);
			runOnlyForDeploymentPostprocessing = 0;
		};
		DB0D19E222F84C3F00EC00D8 /* Sources */ = {
			isa = PBXSourcesBuildPhase;
			buildActionMask = 2147483647;
			files = (
				DB0D19EB22F84C3F00EC00D8 /* SpotTests.swift in Sources */,
			);
			runOnlyForDeploymentPostprocessing = 0;
		};
		DB0D19ED22F84C3F00EC00D8 /* Sources */ = {
			isa = PBXSourcesBuildPhase;
			buildActionMask = 2147483647;
			files = (
				DB0D19F622F84C3F00EC00D8 /* SpotUITests.swift in Sources */,
			);
			runOnlyForDeploymentPostprocessing = 0;
		};
/* End PBXSourcesBuildPhase section */

/* Begin PBXTargetDependency section */
		DB0D19E822F84C3F00EC00D8 /* PBXTargetDependency */ = {
			isa = PBXTargetDependency;
			target = DB0D19CE22F84C3E00EC00D8 /* Spot */;
			targetProxy = DB0D19E722F84C3F00EC00D8 /* PBXContainerItemProxy */;
		};
		DB0D19F322F84C3F00EC00D8 /* PBXTargetDependency */ = {
			isa = PBXTargetDependency;
			target = DB0D19CE22F84C3E00EC00D8 /* Spot */;
			targetProxy = DB0D19F222F84C3F00EC00D8 /* PBXContainerItemProxy */;
		};
/* End PBXTargetDependency section */

/* Begin PBXVariantGroup section */
		DB0D19D622F84C3E00EC00D8 /* Main.storyboard */ = {
			isa = PBXVariantGroup;
			children = (
				DB0D19D722F84C3E00EC00D8 /* Base */,
			);
			name = Main.storyboard;
			sourceTree = "<group>";
		};
		DB0D19DE22F84C3F00EC00D8 /* LaunchScreen.storyboard */ = {
			isa = PBXVariantGroup;
			children = (
				DB0D19DF22F84C3F00EC00D8 /* Base */,
			);
			name = LaunchScreen.storyboard;
			sourceTree = "<group>";
		};
/* End PBXVariantGroup section */

/* Begin XCBuildConfiguration section */
		DB0D19F822F84C4000EC00D8 /* Debug */ = {
			isa = XCBuildConfiguration;
			buildSettings = {
				ALWAYS_SEARCH_USER_PATHS = NO;
				CLANG_ANALYZER_NONNULL = YES;
				CLANG_ANALYZER_NUMBER_OBJECT_CONVERSION = YES_AGGRESSIVE;
				CLANG_CXX_LANGUAGE_STANDARD = "gnu++14";
				CLANG_CXX_LIBRARY = "libc++";
				CLANG_ENABLE_MODULES = YES;
				CLANG_ENABLE_OBJC_ARC = YES;
				CLANG_ENABLE_OBJC_WEAK = YES;
				CLANG_WARN_BLOCK_CAPTURE_AUTORELEASING = YES;
				CLANG_WARN_BOOL_CONVERSION = YES;
				CLANG_WARN_COMMA = YES;
				CLANG_WARN_CONSTANT_CONVERSION = YES;
				CLANG_WARN_DEPRECATED_OBJC_IMPLEMENTATIONS = YES;
				CLANG_WARN_DIRECT_OBJC_ISA_USAGE = YES_ERROR;
				CLANG_WARN_DOCUMENTATION_COMMENTS = YES;
				CLANG_WARN_EMPTY_BODY = YES;
				CLANG_WARN_ENUM_CONVERSION = YES;
				CLANG_WARN_INFINITE_RECURSION = YES;
				CLANG_WARN_INT_CONVERSION = YES;
				CLANG_WARN_NON_LITERAL_NULL_CONVERSION = YES;
				CLANG_WARN_OBJC_IMPLICIT_RETAIN_SELF = YES;
				CLANG_WARN_OBJC_LITERAL_CONVERSION = YES;
				CLANG_WARN_OBJC_ROOT_CLASS = YES_ERROR;
				CLANG_WARN_RANGE_LOOP_ANALYSIS = YES;
				CLANG_WARN_STRICT_PROTOTYPES = YES;
				CLANG_WARN_SUSPICIOUS_MOVE = YES;
				CLANG_WARN_UNGUARDED_AVAILABILITY = YES_AGGRESSIVE;
				CLANG_WARN_UNREACHABLE_CODE = YES;
				CLANG_WARN__DUPLICATE_METHOD_MATCH = YES;
				CODE_SIGN_IDENTITY = "iPhone Developer";
				COPY_PHASE_STRIP = NO;
				DEBUG_INFORMATION_FORMAT = dwarf;
				ENABLE_STRICT_OBJC_MSGSEND = YES;
				ENABLE_TESTABILITY = YES;
				GCC_C_LANGUAGE_STANDARD = gnu11;
				GCC_DYNAMIC_NO_PIC = NO;
				GCC_NO_COMMON_BLOCKS = YES;
				GCC_OPTIMIZATION_LEVEL = 0;
				GCC_PREPROCESSOR_DEFINITIONS = (
					"DEBUG=1",
					"$(inherited)",
				);
				GCC_WARN_64_TO_32_BIT_CONVERSION = YES;
				GCC_WARN_ABOUT_RETURN_TYPE = YES_ERROR;
				GCC_WARN_UNDECLARED_SELECTOR = YES;
				GCC_WARN_UNINITIALIZED_AUTOS = YES_AGGRESSIVE;
				GCC_WARN_UNUSED_FUNCTION = YES;
				GCC_WARN_UNUSED_VARIABLE = YES;
				IPHONEOS_DEPLOYMENT_TARGET = 12.1;
				MTL_ENABLE_DEBUG_INFO = INCLUDE_SOURCE;
				MTL_FAST_MATH = YES;
				ONLY_ACTIVE_ARCH = YES;
				SDKROOT = iphoneos;
				SWIFT_ACTIVE_COMPILATION_CONDITIONS = DEBUG;
				SWIFT_OPTIMIZATION_LEVEL = "-Onone";
			};
			name = Debug;
		};
		DB0D19F922F84C4000EC00D8 /* Release */ = {
			isa = XCBuildConfiguration;
			buildSettings = {
				ALWAYS_SEARCH_USER_PATHS = NO;
				CLANG_ANALYZER_NONNULL = YES;
				CLANG_ANALYZER_NUMBER_OBJECT_CONVERSION = YES_AGGRESSIVE;
				CLANG_CXX_LANGUAGE_STANDARD = "gnu++14";
				CLANG_CXX_LIBRARY = "libc++";
				CLANG_ENABLE_MODULES = YES;
				CLANG_ENABLE_OBJC_ARC = YES;
				CLANG_ENABLE_OBJC_WEAK = YES;
				CLANG_WARN_BLOCK_CAPTURE_AUTORELEASING = YES;
				CLANG_WARN_BOOL_CONVERSION = YES;
				CLANG_WARN_COMMA = YES;
				CLANG_WARN_CONSTANT_CONVERSION = YES;
				CLANG_WARN_DEPRECATED_OBJC_IMPLEMENTATIONS = YES;
				CLANG_WARN_DIRECT_OBJC_ISA_USAGE = YES_ERROR;
				CLANG_WARN_DOCUMENTATION_COMMENTS = YES;
				CLANG_WARN_EMPTY_BODY = YES;
				CLANG_WARN_ENUM_CONVERSION = YES;
				CLANG_WARN_INFINITE_RECURSION = YES;
				CLANG_WARN_INT_CONVERSION = YES;
				CLANG_WARN_NON_LITERAL_NULL_CONVERSION = YES;
				CLANG_WARN_OBJC_IMPLICIT_RETAIN_SELF = YES;
				CLANG_WARN_OBJC_LITERAL_CONVERSION = YES;
				CLANG_WARN_OBJC_ROOT_CLASS = YES_ERROR;
				CLANG_WARN_RANGE_LOOP_ANALYSIS = YES;
				CLANG_WARN_STRICT_PROTOTYPES = YES;
				CLANG_WARN_SUSPICIOUS_MOVE = YES;
				CLANG_WARN_UNGUARDED_AVAILABILITY = YES_AGGRESSIVE;
				CLANG_WARN_UNREACHABLE_CODE = YES;
				CLANG_WARN__DUPLICATE_METHOD_MATCH = YES;
				CODE_SIGN_IDENTITY = "iPhone Developer";
				COPY_PHASE_STRIP = NO;
				DEBUG_INFORMATION_FORMAT = "dwarf-with-dsym";
				ENABLE_NS_ASSERTIONS = NO;
				ENABLE_STRICT_OBJC_MSGSEND = YES;
				GCC_C_LANGUAGE_STANDARD = gnu11;
				GCC_NO_COMMON_BLOCKS = YES;
				GCC_WARN_64_TO_32_BIT_CONVERSION = YES;
				GCC_WARN_ABOUT_RETURN_TYPE = YES_ERROR;
				GCC_WARN_UNDECLARED_SELECTOR = YES;
				GCC_WARN_UNINITIALIZED_AUTOS = YES_AGGRESSIVE;
				GCC_WARN_UNUSED_FUNCTION = YES;
				GCC_WARN_UNUSED_VARIABLE = YES;
				IPHONEOS_DEPLOYMENT_TARGET = 12.1;
				MTL_ENABLE_DEBUG_INFO = NO;
				MTL_FAST_MATH = YES;
				SDKROOT = iphoneos;
				SWIFT_COMPILATION_MODE = wholemodule;
				SWIFT_OPTIMIZATION_LEVEL = "-O";
				VALIDATE_PRODUCT = YES;
			};
			name = Release;
		};
		DB0D19FB22F84C4000EC00D8 /* Debug */ = {
			isa = XCBuildConfiguration;
			buildSettings = {
				ASSETCATALOG_COMPILER_APPICON_NAME = AppIcon;
				CODE_SIGN_STYLE = Automatic;
				DEVELOPMENT_TEAM = RWS9822VMY;
				INFOPLIST_FILE = Spot/Info.plist;
				LD_RUNPATH_SEARCH_PATHS = (
					"$(inherited)",
					"@executable_path/Frameworks",
				);
				PRODUCT_BUNDLE_IDENTIFIER = com.kevin.Spot;
				PRODUCT_NAME = "$(TARGET_NAME)";
				SWIFT_VERSION = 4.2;
				TARGETED_DEVICE_FAMILY = "1,2";
			};
			name = Debug;
		};
		DB0D19FC22F84C4000EC00D8 /* Release */ = {
			isa = XCBuildConfiguration;
			buildSettings = {
				ASSETCATALOG_COMPILER_APPICON_NAME = AppIcon;
				CODE_SIGN_STYLE = Automatic;
				DEVELOPMENT_TEAM = RWS9822VMY;
				INFOPLIST_FILE = Spot/Info.plist;
				LD_RUNPATH_SEARCH_PATHS = (
					"$(inherited)",
					"@executable_path/Frameworks",
				);
				PRODUCT_BUNDLE_IDENTIFIER = com.kevin.Spot;
				PRODUCT_NAME = "$(TARGET_NAME)";
				SWIFT_VERSION = 4.2;
				TARGETED_DEVICE_FAMILY = "1,2";
			};
			name = Release;
		};
		DB0D19FE22F84C4000EC00D8 /* Debug */ = {
			isa = XCBuildConfiguration;
			buildSettings = {
				ALWAYS_EMBED_SWIFT_STANDARD_LIBRARIES = YES;
				BUNDLE_LOADER = "$(TEST_HOST)";
				CODE_SIGN_STYLE = Automatic;
				INFOPLIST_FILE = SpotTests/Info.plist;
				LD_RUNPATH_SEARCH_PATHS = (
					"$(inherited)",
					"@executable_path/Frameworks",
					"@loader_path/Frameworks",
				);
				PRODUCT_BUNDLE_IDENTIFIER = com.kevin.SpotTests;
				PRODUCT_NAME = "$(TARGET_NAME)";
				SWIFT_VERSION = 4.2;
				TARGETED_DEVICE_FAMILY = "1,2";
				TEST_HOST = "$(BUILT_PRODUCTS_DIR)/Spot.app/Spot";
			};
			name = Debug;
		};
		DB0D19FF22F84C4000EC00D8 /* Release */ = {
			isa = XCBuildConfiguration;
			buildSettings = {
				ALWAYS_EMBED_SWIFT_STANDARD_LIBRARIES = YES;
				BUNDLE_LOADER = "$(TEST_HOST)";
				CODE_SIGN_STYLE = Automatic;
				INFOPLIST_FILE = SpotTests/Info.plist;
				LD_RUNPATH_SEARCH_PATHS = (
					"$(inherited)",
					"@executable_path/Frameworks",
					"@loader_path/Frameworks",
				);
				PRODUCT_BUNDLE_IDENTIFIER = com.kevin.SpotTests;
				PRODUCT_NAME = "$(TARGET_NAME)";
				SWIFT_VERSION = 4.2;
				TARGETED_DEVICE_FAMILY = "1,2";
				TEST_HOST = "$(BUILT_PRODUCTS_DIR)/Spot.app/Spot";
			};
			name = Release;
		};
		DB0D1A0122F84C4000EC00D8 /* Debug */ = {
			isa = XCBuildConfiguration;
			buildSettings = {
				ALWAYS_EMBED_SWIFT_STANDARD_LIBRARIES = YES;
				CODE_SIGN_STYLE = Automatic;
				INFOPLIST_FILE = SpotUITests/Info.plist;
				LD_RUNPATH_SEARCH_PATHS = (
					"$(inherited)",
					"@executable_path/Frameworks",
					"@loader_path/Frameworks",
				);
				PRODUCT_BUNDLE_IDENTIFIER = com.kevin.SpotUITests;
				PRODUCT_NAME = "$(TARGET_NAME)";
				SWIFT_VERSION = 4.2;
				TARGETED_DEVICE_FAMILY = "1,2";
				TEST_TARGET_NAME = Spot;
			};
			name = Debug;
		};
		DB0D1A0222F84C4000EC00D8 /* Release */ = {
			isa = XCBuildConfiguration;
			buildSettings = {
				ALWAYS_EMBED_SWIFT_STANDARD_LIBRARIES = YES;
				CODE_SIGN_STYLE = Automatic;
				INFOPLIST_FILE = SpotUITests/Info.plist;
				LD_RUNPATH_SEARCH_PATHS = (
					"$(inherited)",
					"@executable_path/Frameworks",
					"@loader_path/Frameworks",
				);
				PRODUCT_BUNDLE_IDENTIFIER = com.kevin.SpotUITests;
				PRODUCT_NAME = "$(TARGET_NAME)";
				SWIFT_VERSION = 4.2;
				TARGETED_DEVICE_FAMILY = "1,2";
				TEST_TARGET_NAME = Spot;
			};
			name = Release;
		};
/* End XCBuildConfiguration section */

/* Begin XCConfigurationList section */
		DB0D19CA22F84C3E00EC00D8 /* Build configuration list for PBXProject "Spot" */ = {
			isa = XCConfigurationList;
			buildConfigurations = (
				DB0D19F822F84C4000EC00D8 /* Debug */,
				DB0D19F922F84C4000EC00D8 /* Release */,
			);
			defaultConfigurationIsVisible = 0;
			defaultConfigurationName = Release;
		};
		DB0D19FA22F84C4000EC00D8 /* Build configuration list for PBXNativeTarget "Spot" */ = {
			isa = XCConfigurationList;
			buildConfigurations = (
				DB0D19FB22F84C4000EC00D8 /* Debug */,
				DB0D19FC22F84C4000EC00D8 /* Release */,
			);
			defaultConfigurationIsVisible = 0;
			defaultConfigurationName = Release;
		};
		DB0D19FD22F84C4000EC00D8 /* Build configuration list for PBXNativeTarget "SpotTests" */ = {
			isa = XCConfigurationList;
			buildConfigurations = (
				DB0D19FE22F84C4000EC00D8 /* Debug */,
				DB0D19FF22F84C4000EC00D8 /* Release */,
			);
			defaultConfigurationIsVisible = 0;
			defaultConfigurationName = Release;
		};
		DB0D1A0022F84C4000EC00D8 /* Build configuration list for PBXNativeTarget "SpotUITests" */ = {
			isa = XCConfigurationList;
			buildConfigurations = (
				DB0D1A0122F84C4000EC00D8 /* Debug */,
				DB0D1A0222F84C4000EC00D8 /* Release */,
			);
			defaultConfigurationIsVisible = 0;
			defaultConfigurationName = Release;
		};
/* End XCConfigurationList section */

/* Begin XCVersionGroup section */
		DB0D19D922F84C3E00EC00D8 /* Spot.xcdatamodeld */ = {
			isa = XCVersionGroup;
			children = (
				DB0D19DA22F84C3E00EC00D8 /* Spot.xcdatamodel */,
			);
			currentVersion = DB0D19DA22F84C3E00EC00D8 /* Spot.xcdatamodel */;
			path = Spot.xcdatamodeld;
			sourceTree = "<group>";
			versionGroupType = wrapper.xcdatamodel;
		};
/* End XCVersionGroup section */
	};
	rootObject = DB0D19C722F84C3E00EC00D8 /* Project object */;
}
